<?xml version="1.0" encoding="utf-8"?>
<Project ToolsVersion="4.0" xmlns="http://schemas.microsoft.com/developer/msbuild/2003">
  <ItemGroup>
    <Filter Include="build\.objs\EditorApp\windows\x64\debug\External\glm\test\gtc">
      <UniqueIdentifier>{805A8781-E317-4FB8-AB1D-2140D78AB5F5}</UniqueIdentifier>
    </Filter>
    <Filter Include="build\.objs\EditorApp\windows\x64\debug\External\glm\test">
      <UniqueIdentifier>{C45AF40A-1BE6-4518-86CB-A18F078F6D1A}</UniqueIdentifier>
    </Filter>
    <Filter Include="build\.objs\EditorApp\windows\x64\debug\External\glm">
      <UniqueIdentifier>{CD59941A-97D5-4A0D-8845-1814EDAFCF74}</UniqueIdentifier>
    </Filter>
    <Filter Include="build\.objs\EditorApp\windows\x64\debug\External">
      <UniqueIdentifier>{B036D6B4-F565-4211-8562-626048C2E007}</UniqueIdentifier>
    </Filter>
    <Filter Include="build\.objs\EditorApp\windows\x64\debug">
      <UniqueIdentifier>{ACD6EDE6-8260-445E-B2E7-5ED20BF3ED51}</UniqueIdentifier>
    </Filter>
    <Filter Include="build\.objs\EditorApp\windows\x64">
      <UniqueIdentifier>{CDAA5346-FFF1-44B8-8907-F66314FCDAC0}</UniqueIdentifier>
    </Filter>
    <Filter Include="build\.objs\EditorApp\windows">
      <UniqueIdentifier>{28C02A7B-B14C-42B0-BD8E-629756E653DC}</UniqueIdentifier>
    </Filter>
    <Filter Include="build\.objs\EditorApp">
      <UniqueIdentifier>{9F2498F9-2711-48F5-B81D-DC79F59CBB3A}</UniqueIdentifier>
    </Filter>
    <Filter Include="build\.objs">
      <UniqueIdentifier>{FE1BB0D1-EEDE-4F0D-B6A2-25E37460AA81}</UniqueIdentifier>
    </Filter>
    <Filter Include="build">
      <UniqueIdentifier>{70D66F0B-F6E8-4D26-B3C6-AB7F43B19511}</UniqueIdentifier>
    </Filter>
    <Filter Include="build\.objs\EditorApp\windows\x64\debug\External\glm\test\gtx">
      <UniqueIdentifier>{9BFC57E1-7BF9-4EB2-8DB9-2D1B4D40D96C}</UniqueIdentifier>
    </Filter>
    <Filter Include="External\glm\glm\detail">
      <UniqueIdentifier>{456E9913-9418-4DEE-83C6-A6EEB1A18C25}</UniqueIdentifier>
    </Filter>
    <Filter Include="External\glm\glm">
      <UniqueIdentifier>{3CF31025-48C2-4D61-BBF4-DA195D5DFBE3}</UniqueIdentifier>
    </Filter>
    <Filter Include="External\glm">
      <UniqueIdentifier>{D05E8970-9BB4-4B5A-B8BD-A85A823F25D9}</UniqueIdentifier>
    </Filter>
    <Filter Include="External">
      <UniqueIdentifier>{42EB45EC-D048-4E43-B534-00D06E7B95BD}</UniqueIdentifier>
    </Filter>
    <Filter Include="Platforms\Windows">
      <UniqueIdentifier>{9FE399DE-1A2A-4BFE-8D30-0CD9052569DD}</UniqueIdentifier>
    </Filter>
    <Filter Include="Platforms">
      <UniqueIdentifier>{2CBB804B-6B12-4BCA-9DAF-C0F973200203}</UniqueIdentifier>
    </Filter>
    <Filter Include="Tests\GLM">
      <UniqueIdentifier>{F990612E-34D5-4389-B74E-D780DD4930F1}</UniqueIdentifier>
    </Filter>
    <Filter Include="Tests">
      <UniqueIdentifier>{3257C588-7286-4DD8-9933-3837CD015395}</UniqueIdentifier>
    </Filter>
    <Filter Include="Configuration">
      <UniqueIdentifier>{FFA1CF77-1E4F-47B3-A709-F5F651B0FD29}</UniqueIdentifier>
    </Filter>
    <Filter Include="External\glm\glm\simd">
      <UniqueIdentifier>{32B75765-5134-4724-9A8D-509EB15CB98E}</UniqueIdentifier>
    </Filter>
    <Filter Include="Runtime\Logging">
      <UniqueIdentifier>{CE9CA5A5-DE92-46BD-8B8E-A476FE50F0C7}</UniqueIdentifier>
    </Filter>
    <Filter Include="Runtime">
      <UniqueIdentifier>{688689CE-6D31-493B-BD70-5DF65A0FBEFB}</UniqueIdentifier>
    </Filter>
    <Filter Include="Runtime\Math">
      <UniqueIdentifier>{82DFB784-02B8-4CA2-B789-9350548F6FE6}</UniqueIdentifier>
    </Filter>
    <Filter Include="External\glm\glm\ext">
      <UniqueIdentifier>{F03D9FF2-BF80-4817-8F31-002EF15B2F3C}</UniqueIdentifier>
    </Filter>
    <Filter Include="External\glm\glm\gtc">
      <UniqueIdentifier>{1546FEC4-90DA-4DE6-B698-1CEA51CE118F}</UniqueIdentifier>
    </Filter>
    <Filter Include="External\glm\glm\gtx">
      <UniqueIdentifier>{9F239FA9-D3CD-4CAB-B60F-868F2D24717B}</UniqueIdentifier>
    </Filter>
  </ItemGroup>
  <ItemGroup>
    <ClCompile Include="..\..\build\.objs\EditorApp\windows\x64\debug\External\glm\test\gtc\gtc_type_precision.cpp.cpp">
      <Filter>build\.objs\EditorApp\windows\x64\debug\External\glm\test\gtc</Filter>
    </ClCompile>
    <ClCompile Include="..\..\build\.objs\EditorApp\windows\x64\debug\External\glm\test\gtc\gtc_vec1.cpp.cpp">
      <Filter>build\.objs\EditorApp\windows\x64\debug\External\glm\test\gtc</Filter>
    </ClCompile>
    <ClCompile Include="..\..\build\.objs\EditorApp\windows\x64\debug\External\glm\test\gtx\gtx.cpp.cpp">
      <Filter>build\.objs\EditorApp\windows\x64\debug\External\glm\test\gtx</Filter>
    </ClCompile>
    <ClCompile Include="..\..\External\glm\glm\detail\glm.cpp">
      <Filter>External\glm\glm\detail</Filter>
    </ClCompile>
    <ClCompile Include="..\..\Platforms\Windows\Game.cpp">
      <Filter>Platforms\Windows</Filter>
    </ClCompile>
    <ClCompile Include="..\..\Tests\GLM\TestGLM.cpp">
      <Filter>Tests\GLM</Filter>
    </ClCompile>
  </ItemGroup>
  <ItemGroup>
    <ClInclude Include="..\..\Configuration\BuildType.h">
      <Filter>Configuration</Filter>
    </ClInclude>
    <ClInclude Include="..\..\Configuration\Configuration.h">
      <Filter>Configuration</Filter>
    </ClInclude>
    <ClInclude Include="..\..\Configuration\EngineVersion.h">
      <Filter>Configuration</Filter>
    </ClInclude>
    <ClInclude Include="..\..\External\glm\glm\simd\common.h">
      <Filter>External\glm\glm\simd</Filter>
    </ClInclude>
    <ClInclude Include="..\..\External\glm\glm\simd\exponential.h">
      <Filter>External\glm\glm\simd</Filter>
    </ClInclude>
    <ClInclude Include="..\..\External\glm\glm\simd\geometric.h">
      <Filter>External\glm\glm\simd</Filter>
    </ClInclude>
    <ClInclude Include="..\..\External\glm\glm\simd\integer.h">
      <Filter>External\glm\glm\simd</Filter>
    </ClInclude>
    <ClInclude Include="..\..\External\glm\glm\simd\matrix.h">
      <Filter>External\glm\glm\simd</Filter>
    </ClInclude>
    <ClInclude Include="..\..\External\glm\glm\simd\neon.h">
      <Filter>External\glm\glm\simd</Filter>
    </ClInclude>
    <ClInclude Include="..\..\External\glm\glm\simd\packing.h">
      <Filter>External\glm\glm\simd</Filter>
    </ClInclude>
    <ClInclude Include="..\..\External\glm\glm\simd\platform.h">
      <Filter>External\glm\glm\simd</Filter>
    </ClInclude>
    <ClInclude Include="..\..\External\glm\glm\simd\trigonometric.h">
      <Filter>External\glm\glm\simd</Filter>
    </ClInclude>
    <ClInclude Include="..\..\External\glm\glm\simd\vector_relational.h">
      <Filter>External\glm\glm\simd</Filter>
    </ClInclude>
    <ClInclude Include="..\..\Runtime\Logging\Assert.h">
      <Filter>Runtime\Logging</Filter>
    </ClInclude>
    <ClInclude Include="..\..\Runtime\Math\Matrix.h">
      <Filter>Runtime\Math</Filter>
    </ClInclude>
    <ClInclude Include="..\..\Runtime\Math\Vector.h">
      <Filter>Runtime\Math</Filter>
    </ClInclude>
    <ClInclude Include="..\..\External\glm\glm\common.hpp">
      <Filter>External\glm\glm</Filter>
    </ClInclude>
    <ClInclude Include="..\..\External\glm\glm\detail\compute_common.hpp">
      <Filter>External\glm\glm\detail</Filter>
    </ClInclude>
    <ClInclude Include="..\..\External\glm\glm\detail\compute_vector_relational.hpp">
      <Filter>External\glm\glm\detail</Filter>
    </ClInclude>
    <ClInclude Include="..\..\External\glm\glm\detail\qualifier.hpp">
      <Filter>External\glm\glm\detail</Filter>
    </ClInclude>
    <ClInclude Include="..\..\External\glm\glm\detail\setup.hpp">
      <Filter>External\glm\glm\detail</Filter>
    </ClInclude>
    <ClInclude Include="..\..\External\glm\glm\detail\type_float.hpp">
      <Filter>External\glm\glm\detail</Filter>
    </ClInclude>
    <ClInclude Include="..\..\External\glm\glm\detail\type_half.hpp">
      <Filter>External\glm\glm\detail</Filter>
    </ClInclude>
    <ClInclude Include="..\..\External\glm\glm\detail\type_mat2x2.hpp">
      <Filter>External\glm\glm\detail</Filter>
    </ClInclude>
    <ClInclude Include="..\..\External\glm\glm\detail\type_mat2x3.hpp">
      <Filter>External\glm\glm\detail</Filter>
    </ClInclude>
    <ClInclude Include="..\..\External\glm\glm\detail\type_mat2x4.hpp">
      <Filter>External\glm\glm\detail</Filter>
    </ClInclude>
    <ClInclude Include="..\..\External\glm\glm\detail\type_mat3x2.hpp">
      <Filter>External\glm\glm\detail</Filter>
    </ClInclude>
    <ClInclude Include="..\..\External\glm\glm\detail\type_mat3x3.hpp">
      <Filter>External\glm\glm\detail</Filter>
    </ClInclude>
    <ClInclude Include="..\..\External\glm\glm\detail\type_mat3x4.hpp">
      <Filter>External\glm\glm\detail</Filter>
    </ClInclude>
    <ClInclude Include="..\..\External\glm\glm\detail\type_mat4x2.hpp">
      <Filter>External\glm\glm\detail</Filter>
    </ClInclude>
    <ClInclude Include="..\..\External\glm\glm\detail\type_mat4x3.hpp">
      <Filter>External\glm\glm\detail</Filter>
    </ClInclude>
    <ClInclude Include="..\..\External\glm\glm\detail\type_mat4x4.hpp">
      <Filter>External\glm\glm\detail</Filter>
    </ClInclude>
    <ClInclude Include="..\..\External\glm\glm\detail\type_quat.hpp">
      <Filter>External\glm\glm\detail</Filter>
    </ClInclude>
    <ClInclude Include="..\..\External\glm\glm\detail\type_vec1.hpp">
      <Filter>External\glm\glm\detail</Filter>
    </ClInclude>
    <ClInclude Include="..\..\External\glm\glm\detail\type_vec2.hpp">
      <Filter>External\glm\glm\detail</Filter>
    </ClInclude>
    <ClInclude Include="..\..\External\glm\glm\detail\type_vec3.hpp">
      <Filter>External\glm\glm\detail</Filter>
    </ClInclude>
    <ClInclude Include="..\..\External\glm\glm\detail\type_vec4.hpp">
      <Filter>External\glm\glm\detail</Filter>
    </ClInclude>
    <ClInclude Include="..\..\External\glm\glm\detail\_features.hpp">
      <Filter>External\glm\glm\detail</Filter>
    </ClInclude>
    <ClInclude Include="..\..\External\glm\glm\detail\_fixes.hpp">
      <Filter>External\glm\glm\detail</Filter>
    </ClInclude>
    <ClInclude Include="..\..\External\glm\glm\detail\_noise.hpp">
      <Filter>External\glm\glm\detail</Filter>
    </ClInclude>
    <ClInclude Include="..\..\External\glm\glm\detail\_swizzle.hpp">
      <Filter>External\glm\glm\detail</Filter>
    </ClInclude>
    <ClInclude Include="..\..\External\glm\glm\detail\_swizzle_func.hpp">
      <Filter>External\glm\glm\detail</Filter>
    </ClInclude>
    <ClInclude Include="..\..\External\glm\glm\detail\_vectorize.hpp">
      <Filter>External\glm\glm\detail</Filter>
    </ClInclude>
    <ClInclude Include="..\..\External\glm\glm\exponential.hpp">
      <Filter>External\glm\glm</Filter>
    </ClInclude>
    <ClInclude Include="..\..\External\glm\glm\ext\matrix_clip_space.hpp">
      <Filter>External\glm\glm\ext</Filter>
    </ClInclude>
    <ClInclude Include="..\..\External\glm\glm\ext\matrix_common.hpp">
      <Filter>External\glm\glm\ext</Filter>
    </ClInclude>
    <ClInclude Include="..\..\External\glm\glm\ext\matrix_double2x2.hpp">
      <Filter>External\glm\glm\ext</Filter>
    </ClInclude>
    <ClInclude Include="..\..\External\glm\glm\ext\matrix_double2x2_precision.hpp">
      <Filter>External\glm\glm\ext</Filter>
    </ClInclude>
    <ClInclude Include="..\..\External\glm\glm\ext\matrix_double2x3.hpp">
      <Filter>External\glm\glm\ext</Filter>
    </ClInclude>
    <ClInclude Include="..\..\External\glm\glm\ext\matrix_double2x3_precision.hpp">
      <Filter>External\glm\glm\ext</Filter>
    </ClInclude>
    <ClInclude Include="..\..\External\glm\glm\ext\matrix_double2x4.hpp">
      <Filter>External\glm\glm\ext</Filter>
    </ClInclude>
    <ClInclude Include="..\..\External\glm\glm\ext\matrix_double2x4_precision.hpp">
      <Filter>External\glm\glm\ext</Filter>
    </ClInclude>
    <ClInclude Include="..\..\External\glm\glm\ext\matrix_double3x2.hpp">
      <Filter>External\glm\glm\ext</Filter>
    </ClInclude>
    <ClInclude Include="..\..\External\glm\glm\ext\matrix_double3x2_precision.hpp">
      <Filter>External\glm\glm\ext</Filter>
    </ClInclude>
    <ClInclude Include="..\..\External\glm\glm\ext\matrix_double3x3.hpp">
      <Filter>External\glm\glm\ext</Filter>
    </ClInclude>
    <ClInclude Include="..\..\External\glm\glm\ext\matrix_double3x3_precision.hpp">
      <Filter>External\glm\glm\ext</Filter>
    </ClInclude>
    <ClInclude Include="..\..\External\glm\glm\ext\matrix_double3x4.hpp">
      <Filter>External\glm\glm\ext</Filter>
    </ClInclude>
    <ClInclude Include="..\..\External\glm\glm\ext\matrix_double3x4_precision.hpp">
      <Filter>External\glm\glm\ext</Filter>
    </ClInclude>
    <ClInclude Include="..\..\External\glm\glm\ext\matrix_double4x2.hpp">
      <Filter>External\glm\glm\ext</Filter>
    </ClInclude>
    <ClInclude Include="..\..\External\glm\glm\ext\matrix_double4x2_precision.hpp">
      <Filter>External\glm\glm\ext</Filter>
    </ClInclude>
    <ClInclude Include="..\..\External\glm\glm\ext\matrix_double4x3.hpp">
      <Filter>External\glm\glm\ext</Filter>
    </ClInclude>
    <ClInclude Include="..\..\External\glm\glm\ext\matrix_double4x3_precision.hpp">
      <Filter>External\glm\glm\ext</Filter>
    </ClInclude>
    <ClInclude Include="..\..\External\glm\glm\ext\matrix_double4x4.hpp">
      <Filter>External\glm\glm\ext</Filter>
    </ClInclude>
    <ClInclude Include="..\..\External\glm\glm\ext\matrix_double4x4_precision.hpp">
      <Filter>External\glm\glm\ext</Filter>
    </ClInclude>
    <ClInclude Include="..\..\External\glm\glm\ext\matrix_float2x2.hpp">
      <Filter>External\glm\glm\ext</Filter>
    </ClInclude>
    <ClInclude Include="..\..\External\glm\glm\ext\matrix_float2x2_precision.hpp">
      <Filter>External\glm\glm\ext</Filter>
    </ClInclude>
    <ClInclude Include="..\..\External\glm\glm\ext\matrix_float2x3.hpp">
      <Filter>External\glm\glm\ext</Filter>
    </ClInclude>
    <ClInclude Include="..\..\External\glm\glm\ext\matrix_float2x3_precision.hpp">
      <Filter>External\glm\glm\ext</Filter>
    </ClInclude>
    <ClInclude Include="..\..\External\glm\glm\ext\matrix_float2x4.hpp">
      <Filter>External\glm\glm\ext</Filter>
    </ClInclude>
    <ClInclude Include="..\..\External\glm\glm\ext\matrix_float2x4_precision.hpp">
      <Filter>External\glm\glm\ext</Filter>
    </ClInclude>
    <ClInclude Include="..\..\External\glm\glm\ext\matrix_float3x2.hpp">
      <Filter>External\glm\glm\ext</Filter>
    </ClInclude>
    <ClInclude Include="..\..\External\glm\glm\ext\matrix_float3x2_precision.hpp">
      <Filter>External\glm\glm\ext</Filter>
    </ClInclude>
    <ClInclude Include="..\..\External\glm\glm\ext\matrix_float3x3.hpp">
      <Filter>External\glm\glm\ext</Filter>
    </ClInclude>
    <ClInclude Include="..\..\External\glm\glm\ext\matrix_float3x3_precision.hpp">
      <Filter>External\glm\glm\ext</Filter>
    </ClInclude>
    <ClInclude Include="..\..\External\glm\glm\ext\matrix_float3x4.hpp">
      <Filter>External\glm\glm\ext</Filter>
    </ClInclude>
    <ClInclude Include="..\..\External\glm\glm\ext\matrix_float3x4_precision.hpp">
      <Filter>External\glm\glm\ext</Filter>
    </ClInclude>
    <ClInclude Include="..\..\External\glm\glm\ext\matrix_float4x2.hpp">
      <Filter>External\glm\glm\ext</Filter>
    </ClInclude>
    <ClInclude Include="..\..\External\glm\glm\ext\matrix_float4x2_precision.hpp">
      <Filter>External\glm\glm\ext</Filter>
    </ClInclude>
    <ClInclude Include="..\..\External\glm\glm\ext\matrix_float4x3.hpp">
      <Filter>External\glm\glm\ext</Filter>
    </ClInclude>
    <ClInclude Include="..\..\External\glm\glm\ext\matrix_float4x3_precision.hpp">
      <Filter>External\glm\glm\ext</Filter>
    </ClInclude>
    <ClInclude Include="..\..\External\glm\glm\ext\matrix_float4x4.hpp">
      <Filter>External\glm\glm\ext</Filter>
    </ClInclude>
    <ClInclude Include="..\..\External\glm\glm\ext\matrix_float4x4_precision.hpp">
      <Filter>External\glm\glm\ext</Filter>
    </ClInclude>
    <ClInclude Include="..\..\External\glm\glm\ext\matrix_int2x2.hpp">
      <Filter>External\glm\glm\ext</Filter>
    </ClInclude>
    <ClInclude Include="..\..\External\glm\glm\ext\matrix_int2x2_sized.hpp">
      <Filter>External\glm\glm\ext</Filter>
    </ClInclude>
    <ClInclude Include="..\..\External\glm\glm\ext\matrix_int2x3.hpp">
      <Filter>External\glm\glm\ext</Filter>
    </ClInclude>
    <ClInclude Include="..\..\External\glm\glm\ext\matrix_int2x3_sized.hpp">
      <Filter>External\glm\glm\ext</Filter>
    </ClInclude>
    <ClInclude Include="..\..\External\glm\glm\ext\matrix_int2x4.hpp">
      <Filter>External\glm\glm\ext</Filter>
    </ClInclude>
    <ClInclude Include="..\..\External\glm\glm\ext\matrix_int2x4_sized.hpp">
      <Filter>External\glm\glm\ext</Filter>
    </ClInclude>
    <ClInclude Include="..\..\External\glm\glm\ext\matrix_int3x2.hpp">
      <Filter>External\glm\glm\ext</Filter>
    </ClInclude>
    <ClInclude Include="..\..\External\glm\glm\ext\matrix_int3x2_sized.hpp">
      <Filter>External\glm\glm\ext</Filter>
    </ClInclude>
    <ClInclude Include="..\..\External\glm\glm\ext\matrix_int3x3.hpp">
      <Filter>External\glm\glm\ext</Filter>
    </ClInclude>
    <ClInclude Include="..\..\External\glm\glm\ext\matrix_int3x3_sized.hpp">
      <Filter>External\glm\glm\ext</Filter>
    </ClInclude>
    <ClInclude Include="..\..\External\glm\glm\ext\matrix_int3x4.hpp">
      <Filter>External\glm\glm\ext</Filter>
    </ClInclude>
    <ClInclude Include="..\..\External\glm\glm\ext\matrix_int3x4_sized.hpp">
      <Filter>External\glm\glm\ext</Filter>
    </ClInclude>
    <ClInclude Include="..\..\External\glm\glm\ext\matrix_int4x2.hpp">
      <Filter>External\glm\glm\ext</Filter>
    </ClInclude>
    <ClInclude Include="..\..\External\glm\glm\ext\matrix_int4x2_sized.hpp">
      <Filter>External\glm\glm\ext</Filter>
    </ClInclude>
    <ClInclude Include="..\..\External\glm\glm\ext\matrix_int4x3.hpp">
      <Filter>External\glm\glm\ext</Filter>
    </ClInclude>
    <ClInclude Include="..\..\External\glm\glm\ext\matrix_int4x3_sized.hpp">
      <Filter>External\glm\glm\ext</Filter>
    </ClInclude>
    <ClInclude Include="..\..\External\glm\glm\ext\matrix_int4x4.hpp">
      <Filter>External\glm\glm\ext</Filter>
    </ClInclude>
    <ClInclude Include="..\..\External\glm\glm\ext\matrix_int4x4_sized.hpp">
      <Filter>External\glm\glm\ext</Filter>
    </ClInclude>
    <ClInclude Include="..\..\External\glm\glm\ext\matrix_integer.hpp">
      <Filter>External\glm\glm\ext</Filter>
    </ClInclude>
    <ClInclude Include="..\..\External\glm\glm\ext\matrix_projection.hpp">
      <Filter>External\glm\glm\ext</Filter>
    </ClInclude>
    <ClInclude Include="..\..\External\glm\glm\ext\matrix_relational.hpp">
      <Filter>External\glm\glm\ext</Filter>
    </ClInclude>
    <ClInclude Include="..\..\External\glm\glm\ext\matrix_transform.hpp">
      <Filter>External\glm\glm\ext</Filter>
    </ClInclude>
    <ClInclude Include="..\..\External\glm\glm\ext\matrix_uint2x2.hpp">
      <Filter>External\glm\glm\ext</Filter>
    </ClInclude>
    <ClInclude Include="..\..\External\glm\glm\ext\matrix_uint2x2_sized.hpp">
      <Filter>External\glm\glm\ext</Filter>
    </ClInclude>
    <ClInclude Include="..\..\External\glm\glm\ext\matrix_uint2x3.hpp">
      <Filter>External\glm\glm\ext</Filter>
    </ClInclude>
    <ClInclude Include="..\..\External\glm\glm\ext\matrix_uint2x3_sized.hpp">
      <Filter>External\glm\glm\ext</Filter>
    </ClInclude>
    <ClInclude Include="..\..\External\glm\glm\ext\matrix_uint2x4.hpp">
      <Filter>External\glm\glm\ext</Filter>
    </ClInclude>
    <ClInclude Include="..\..\External\glm\glm\ext\matrix_uint2x4_sized.hpp">
      <Filter>External\glm\glm\ext</Filter>
    </ClInclude>
    <ClInclude Include="..\..\External\glm\glm\ext\matrix_uint3x2.hpp">
      <Filter>External\glm\glm\ext</Filter>
    </ClInclude>
    <ClInclude Include="..\..\External\glm\glm\ext\matrix_uint3x2_sized.hpp">
      <Filter>External\glm\glm\ext</Filter>
    </ClInclude>
    <ClInclude Include="..\..\External\glm\glm\ext\matrix_uint3x3.hpp">
      <Filter>External\glm\glm\ext</Filter>
    </ClInclude>
    <ClInclude Include="..\..\External\glm\glm\ext\matrix_uint3x3_sized.hpp">
      <Filter>External\glm\glm\ext</Filter>
    </ClInclude>
    <ClInclude Include="..\..\External\glm\glm\ext\matrix_uint3x4.hpp">
      <Filter>External\glm\glm\ext</Filter>
    </ClInclude>
    <ClInclude Include="..\..\External\glm\glm\ext\matrix_uint3x4_sized.hpp">
      <Filter>External\glm\glm\ext</Filter>
    </ClInclude>
    <ClInclude Include="..\..\External\glm\glm\ext\matrix_uint4x2.hpp">
      <Filter>External\glm\glm\ext</Filter>
    </ClInclude>
    <ClInclude Include="..\..\External\glm\glm\ext\matrix_uint4x2_sized.hpp">
      <Filter>External\glm\glm\ext</Filter>
    </ClInclude>
    <ClInclude Include="..\..\External\glm\glm\ext\matrix_uint4x3.hpp">
      <Filter>External\glm\glm\ext</Filter>
    </ClInclude>
    <ClInclude Include="..\..\External\glm\glm\ext\matrix_uint4x3_sized.hpp">
      <Filter>External\glm\glm\ext</Filter>
    </ClInclude>
    <ClInclude Include="..\..\External\glm\glm\ext\matrix_uint4x4.hpp">
      <Filter>External\glm\glm\ext</Filter>
    </ClInclude>
    <ClInclude Include="..\..\External\glm\glm\ext\matrix_uint4x4_sized.hpp">
      <Filter>External\glm\glm\ext</Filter>
    </ClInclude>
    <ClInclude Include="..\..\External\glm\glm\ext\quaternion_common.hpp">
      <Filter>External\glm\glm\ext</Filter>
    </ClInclude>
    <ClInclude Include="..\..\External\glm\glm\ext\quaternion_double.hpp">
      <Filter>External\glm\glm\ext</Filter>
    </ClInclude>
    <ClInclude Include="..\..\External\glm\glm\ext\quaternion_double_precision.hpp">
      <Filter>External\glm\glm\ext</Filter>
    </ClInclude>
    <ClInclude Include="..\..\External\glm\glm\ext\quaternion_exponential.hpp">
      <Filter>External\glm\glm\ext</Filter>
    </ClInclude>
    <ClInclude Include="..\..\External\glm\glm\ext\quaternion_float.hpp">
      <Filter>External\glm\glm\ext</Filter>
    </ClInclude>
    <ClInclude Include="..\..\External\glm\glm\ext\quaternion_float_precision.hpp">
      <Filter>External\glm\glm\ext</Filter>
    </ClInclude>
    <ClInclude Include="..\..\External\glm\glm\ext\quaternion_geometric.hpp">
      <Filter>External\glm\glm\ext</Filter>
    </ClInclude>
    <ClInclude Include="..\..\External\glm\glm\ext\quaternion_relational.hpp">
      <Filter>External\glm\glm\ext</Filter>
    </ClInclude>
    <ClInclude Include="..\..\External\glm\glm\ext\quaternion_transform.hpp">
      <Filter>External\glm\glm\ext</Filter>
    </ClInclude>
    <ClInclude Include="..\..\External\glm\glm\ext\quaternion_trigonometric.hpp">
      <Filter>External\glm\glm\ext</Filter>
    </ClInclude>
    <ClInclude Include="..\..\External\glm\glm\ext\scalar_common.hpp">
      <Filter>External\glm\glm\ext</Filter>
    </ClInclude>
    <ClInclude Include="..\..\External\glm\glm\ext\scalar_constants.hpp">
      <Filter>External\glm\glm\ext</Filter>
    </ClInclude>
    <ClInclude Include="..\..\External\glm\glm\ext\scalar_integer.hpp">
      <Filter>External\glm\glm\ext</Filter>
    </ClInclude>
    <ClInclude Include="..\..\External\glm\glm\ext\scalar_int_sized.hpp">
      <Filter>External\glm\glm\ext</Filter>
    </ClInclude>
    <ClInclude Include="..\..\External\glm\glm\ext\scalar_packing.hpp">
      <Filter>External\glm\glm\ext</Filter>
    </ClInclude>
    <ClInclude Include="..\..\External\glm\glm\ext\scalar_reciprocal.hpp">
      <Filter>External\glm\glm\ext</Filter>
    </ClInclude>
    <ClInclude Include="..\..\External\glm\glm\ext\scalar_relational.hpp">
      <Filter>External\glm\glm\ext</Filter>
    </ClInclude>
    <ClInclude Include="..\..\External\glm\glm\ext\scalar_uint_sized.hpp">
      <Filter>External\glm\glm\ext</Filter>
    </ClInclude>
    <ClInclude Include="..\..\External\glm\glm\ext\scalar_ulp.hpp">
      <Filter>External\glm\glm\ext</Filter>
    </ClInclude>
    <ClInclude Include="..\..\External\glm\glm\ext\vector_bool1.hpp">
      <Filter>External\glm\glm\ext</Filter>
    </ClInclude>
    <ClInclude Include="..\..\External\glm\glm\ext\vector_bool1_precision.hpp">
      <Filter>External\glm\glm\ext</Filter>
    </ClInclude>
    <ClInclude Include="..\..\External\glm\glm\ext\vector_bool2.hpp">
      <Filter>External\glm\glm\ext</Filter>
    </ClInclude>
    <ClInclude Include="..\..\External\glm\glm\ext\vector_bool2_precision.hpp">
      <Filter>External\glm\glm\ext</Filter>
    </ClInclude>
    <ClInclude Include="..\..\External\glm\glm\ext\vector_bool3.hpp">
      <Filter>External\glm\glm\ext</Filter>
    </ClInclude>
    <ClInclude Include="..\..\External\glm\glm\ext\vector_bool3_precision.hpp">
      <Filter>External\glm\glm\ext</Filter>
    </ClInclude>
    <ClInclude Include="..\..\External\glm\glm\ext\vector_bool4.hpp">
      <Filter>External\glm\glm\ext</Filter>
    </ClInclude>
    <ClInclude Include="..\..\External\glm\glm\ext\vector_bool4_precision.hpp">
      <Filter>External\glm\glm\ext</Filter>
    </ClInclude>
    <ClInclude Include="..\..\External\glm\glm\ext\vector_common.hpp">
      <Filter>External\glm\glm\ext</Filter>
    </ClInclude>
    <ClInclude Include="..\..\External\glm\glm\ext\vector_double1.hpp">
      <Filter>External\glm\glm\ext</Filter>
    </ClInclude>
    <ClInclude Include="..\..\External\glm\glm\ext\vector_double1_precision.hpp">
      <Filter>External\glm\glm\ext</Filter>
    </ClInclude>
    <ClInclude Include="..\..\External\glm\glm\ext\vector_double2.hpp">
      <Filter>External\glm\glm\ext</Filter>
    </ClInclude>
    <ClInclude Include="..\..\External\glm\glm\ext\vector_double2_precision.hpp">
      <Filter>External\glm\glm\ext</Filter>
    </ClInclude>
    <ClInclude Include="..\..\External\glm\glm\ext\vector_double3.hpp">
      <Filter>External\glm\glm\ext</Filter>
    </ClInclude>
    <ClInclude Include="..\..\External\glm\glm\ext\vector_double3_precision.hpp">
      <Filter>External\glm\glm\ext</Filter>
    </ClInclude>
    <ClInclude Include="..\..\External\glm\glm\ext\vector_double4.hpp">
      <Filter>External\glm\glm\ext</Filter>
    </ClInclude>
    <ClInclude Include="..\..\External\glm\glm\ext\vector_double4_precision.hpp">
      <Filter>External\glm\glm\ext</Filter>
    </ClInclude>
    <ClInclude Include="..\..\External\glm\glm\ext\vector_float1.hpp">
      <Filter>External\glm\glm\ext</Filter>
    </ClInclude>
    <ClInclude Include="..\..\External\glm\glm\ext\vector_float1_precision.hpp">
      <Filter>External\glm\glm\ext</Filter>
    </ClInclude>
    <ClInclude Include="..\..\External\glm\glm\ext\vector_float2.hpp">
      <Filter>External\glm\glm\ext</Filter>
    </ClInclude>
    <ClInclude Include="..\..\External\glm\glm\ext\vector_float2_precision.hpp">
      <Filter>External\glm\glm\ext</Filter>
    </ClInclude>
    <ClInclude Include="..\..\External\glm\glm\ext\vector_float3.hpp">
      <Filter>External\glm\glm\ext</Filter>
    </ClInclude>
    <ClInclude Include="..\..\External\glm\glm\ext\vector_float3_precision.hpp">
      <Filter>External\glm\glm\ext</Filter>
    </ClInclude>
    <ClInclude Include="..\..\External\glm\glm\ext\vector_float4.hpp">
      <Filter>External\glm\glm\ext</Filter>
    </ClInclude>
    <ClInclude Include="..\..\External\glm\glm\ext\vector_float4_precision.hpp">
      <Filter>External\glm\glm\ext</Filter>
    </ClInclude>
    <ClInclude Include="..\..\External\glm\glm\ext\vector_int1.hpp">
      <Filter>External\glm\glm\ext</Filter>
    </ClInclude>
    <ClInclude Include="..\..\External\glm\glm\ext\vector_int1_sized.hpp">
      <Filter>External\glm\glm\ext</Filter>
    </ClInclude>
    <ClInclude Include="..\..\External\glm\glm\ext\vector_int2.hpp">
      <Filter>External\glm\glm\ext</Filter>
    </ClInclude>
    <ClInclude Include="..\..\External\glm\glm\ext\vector_int2_sized.hpp">
      <Filter>External\glm\glm\ext</Filter>
    </ClInclude>
    <ClInclude Include="..\..\External\glm\glm\ext\vector_int3.hpp">
      <Filter>External\glm\glm\ext</Filter>
    </ClInclude>
    <ClInclude Include="..\..\External\glm\glm\ext\vector_int3_sized.hpp">
      <Filter>External\glm\glm\ext</Filter>
    </ClInclude>
    <ClInclude Include="..\..\External\glm\glm\ext\vector_int4.hpp">
      <Filter>External\glm\glm\ext</Filter>
    </ClInclude>
    <ClInclude Include="..\..\External\glm\glm\ext\vector_int4_sized.hpp">
      <Filter>External\glm\glm\ext</Filter>
    </ClInclude>
    <ClInclude Include="..\..\External\glm\glm\ext\vector_integer.hpp">
      <Filter>External\glm\glm\ext</Filter>
    </ClInclude>
    <ClInclude Include="..\..\External\glm\glm\ext\vector_packing.hpp">
      <Filter>External\glm\glm\ext</Filter>
    </ClInclude>
    <ClInclude Include="..\..\External\glm\glm\ext\vector_reciprocal.hpp">
      <Filter>External\glm\glm\ext</Filter>
    </ClInclude>
    <ClInclude Include="..\..\External\glm\glm\ext\vector_relational.hpp">
      <Filter>External\glm\glm\ext</Filter>
    </ClInclude>
    <ClInclude Include="..\..\External\glm\glm\ext\vector_uint1.hpp">
      <Filter>External\glm\glm\ext</Filter>
    </ClInclude>
    <ClInclude Include="..\..\External\glm\glm\ext\vector_uint1_sized.hpp">
      <Filter>External\glm\glm\ext</Filter>
    </ClInclude>
    <ClInclude Include="..\..\External\glm\glm\ext\vector_uint2.hpp">
      <Filter>External\glm\glm\ext</Filter>
    </ClInclude>
    <ClInclude Include="..\..\External\glm\glm\ext\vector_uint2_sized.hpp">
      <Filter>External\glm\glm\ext</Filter>
    </ClInclude>
    <ClInclude Include="..\..\External\glm\glm\ext\vector_uint3.hpp">
      <Filter>External\glm\glm\ext</Filter>
    </ClInclude>
    <ClInclude Include="..\..\External\glm\glm\ext\vector_uint3_sized.hpp">
      <Filter>External\glm\glm\ext</Filter>
    </ClInclude>
    <ClInclude Include="..\..\External\glm\glm\ext\vector_uint4.hpp">
      <Filter>External\glm\glm\ext</Filter>
    </ClInclude>
    <ClInclude Include="..\..\External\glm\glm\ext\vector_uint4_sized.hpp">
      <Filter>External\glm\glm\ext</Filter>
    </ClInclude>
    <ClInclude Include="..\..\External\glm\glm\ext\vector_ulp.hpp">
      <Filter>External\glm\glm\ext</Filter>
    </ClInclude>
    <ClInclude Include="..\..\External\glm\glm\ext.hpp">
      <Filter>External\glm\glm</Filter>
    </ClInclude>
    <ClInclude Include="..\..\External\glm\glm\fwd.hpp">
      <Filter>External\glm\glm</Filter>
    </ClInclude>
    <ClInclude Include="..\..\External\glm\glm\geometric.hpp">
      <Filter>External\glm\glm</Filter>
    </ClInclude>
    <ClInclude Include="..\..\External\glm\glm\glm.hpp">
      <Filter>External\glm\glm</Filter>
    </ClInclude>
    <ClInclude Include="..\..\External\glm\glm\gtc\bitfield.hpp">
      <Filter>External\glm\glm\gtc</Filter>
    </ClInclude>
    <ClInclude Include="..\..\External\glm\glm\gtc\color_space.hpp">
      <Filter>External\glm\glm\gtc</Filter>
    </ClInclude>
    <ClInclude Include="..\..\External\glm\glm\gtc\constants.hpp">
      <Filter>External\glm\glm\gtc</Filter>
    </ClInclude>
    <ClInclude Include="..\..\External\glm\glm\gtc\epsilon.hpp">
      <Filter>External\glm\glm\gtc</Filter>
    </ClInclude>
    <ClInclude Include="..\..\External\glm\glm\gtc\integer.hpp">
      <Filter>External\glm\glm\gtc</Filter>
    </ClInclude>
    <ClInclude Include="..\..\External\glm\glm\gtc\matrix_access.hpp">
      <Filter>External\glm\glm\gtc</Filter>
    </ClInclude>
    <ClInclude Include="..\..\External\glm\glm\gtc\matrix_integer.hpp">
      <Filter>External\glm\glm\gtc</Filter>
    </ClInclude>
    <ClInclude Include="..\..\External\glm\glm\gtc\matrix_inverse.hpp">
      <Filter>External\glm\glm\gtc</Filter>
    </ClInclude>
    <ClInclude Include="..\..\External\glm\glm\gtc\matrix_transform.hpp">
      <Filter>External\glm\glm\gtc</Filter>
    </ClInclude>
    <ClInclude Include="..\..\External\glm\glm\gtc\noise.hpp">
      <Filter>External\glm\glm\gtc</Filter>
    </ClInclude>
    <ClInclude Include="..\..\External\glm\glm\gtc\packing.hpp">
      <Filter>External\glm\glm\gtc</Filter>
    </ClInclude>
    <ClInclude Include="..\..\External\glm\glm\gtc\quaternion.hpp">
      <Filter>External\glm\glm\gtc</Filter>
    </ClInclude>
    <ClInclude Include="..\..\External\glm\glm\gtc\random.hpp">
      <Filter>External\glm\glm\gtc</Filter>
    </ClInclude>
    <ClInclude Include="..\..\External\glm\glm\gtc\reciprocal.hpp">
      <Filter>External\glm\glm\gtc</Filter>
    </ClInclude>
    <ClInclude Include="..\..\External\glm\glm\gtc\round.hpp">
      <Filter>External\glm\glm\gtc</Filter>
    </ClInclude>
    <ClInclude Include="..\..\External\glm\glm\gtc\type_aligned.hpp">
      <Filter>External\glm\glm\gtc</Filter>
    </ClInclude>
    <ClInclude Include="..\..\External\glm\glm\gtc\type_precision.hpp">
      <Filter>External\glm\glm\gtc</Filter>
    </ClInclude>
    <ClInclude Include="..\..\External\glm\glm\gtc\type_ptr.hpp">
      <Filter>External\glm\glm\gtc</Filter>
    </ClInclude>
    <ClInclude Include="..\..\External\glm\glm\gtc\ulp.hpp">
      <Filter>External\glm\glm\gtc</Filter>
    </ClInclude>
    <ClInclude Include="..\..\External\glm\glm\gtc\vec1.hpp">
      <Filter>External\glm\glm\gtc</Filter>
    </ClInclude>
    <ClInclude Include="..\..\External\glm\glm\gtx\associated_min_max.hpp">
      <Filter>External\glm\glm\gtx</Filter>
    </ClInclude>
    <ClInclude Include="..\..\External\glm\glm\gtx\bit.hpp">
      <Filter>External\glm\glm\gtx</Filter>
    </ClInclude>
    <ClInclude Include="..\..\External\glm\glm\gtx\closest_point.hpp">
      <Filter>External\glm\glm\gtx</Filter>
    </ClInclude>
    <ClInclude Include="..\..\External\glm\glm\gtx\color_encoding.hpp">
      <Filter>External\glm\glm\gtx</Filter>
    </ClInclude>
    <ClInclude Include="..\..\External\glm\glm\gtx\color_space.hpp">
      <Filter>External\glm\glm\gtx</Filter>
    </ClInclude>
    <ClInclude Include="..\..\External\glm\glm\gtx\color_space_YCoCg.hpp">
      <Filter>External\glm\glm\gtx</Filter>
    </ClInclude>
    <ClInclude Include="..\..\External\glm\glm\gtx\common.hpp">
      <Filter>External\glm\glm\gtx</Filter>
    </ClInclude>
    <ClInclude Include="..\..\External\glm\glm\gtx\compatibility.hpp">
      <Filter>External\glm\glm\gtx</Filter>
    </ClInclude>
    <ClInclude Include="..\..\External\glm\glm\gtx\component_wise.hpp">
      <Filter>External\glm\glm\gtx</Filter>
    </ClInclude>
    <ClInclude Include="..\..\External\glm\glm\gtx\dual_quaternion.hpp">
      <Filter>External\glm\glm\gtx</Filter>
    </ClInclude>
    <ClInclude Include="..\..\External\glm\glm\gtx\easing.hpp">
      <Filter>External\glm\glm\gtx</Filter>
    </ClInclude>
    <ClInclude Include="..\..\External\glm\glm\gtx\euler_angles.hpp">
      <Filter>External\glm\glm\gtx</Filter>
    </ClInclude>
    <ClInclude Include="..\..\External\glm\glm\gtx\extend.hpp">
      <Filter>External\glm\glm\gtx</Filter>
    </ClInclude>
    <ClInclude Include="..\..\External\glm\glm\gtx\extended_min_max.hpp">
      <Filter>External\glm\glm\gtx</Filter>
    </ClInclude>
    <ClInclude Include="..\..\External\glm\glm\gtx\exterior_product.hpp">
      <Filter>External\glm\glm\gtx</Filter>
    </ClInclude>
    <ClInclude Include="..\..\External\glm\glm\gtx\fast_exponential.hpp">
      <Filter>External\glm\glm\gtx</Filter>
    </ClInclude>
    <ClInclude Include="..\..\External\glm\glm\gtx\fast_square_root.hpp">
      <Filter>External\glm\glm\gtx</Filter>
    </ClInclude>
    <ClInclude Include="..\..\External\glm\glm\gtx\fast_trigonometry.hpp">
      <Filter>External\glm\glm\gtx</Filter>
    </ClInclude>
    <ClInclude Include="..\..\External\glm\glm\gtx\functions.hpp">
      <Filter>External\glm\glm\gtx</Filter>
    </ClInclude>
    <ClInclude Include="..\..\External\glm\glm\gtx\gradient_paint.hpp">
      <Filter>External\glm\glm\gtx</Filter>
    </ClInclude>
    <ClInclude Include="..\..\External\glm\glm\gtx\handed_coordinate_space.hpp">
      <Filter>External\glm\glm\gtx</Filter>
    </ClInclude>
    <ClInclude Include="..\..\External\glm\glm\gtx\hash.hpp">
      <Filter>External\glm\glm\gtx</Filter>
    </ClInclude>
    <ClInclude Include="..\..\External\glm\glm\gtx\integer.hpp">
      <Filter>External\glm\glm\gtx</Filter>
    </ClInclude>
    <ClInclude Include="..\..\External\glm\glm\gtx\intersect.hpp">
      <Filter>External\glm\glm\gtx</Filter>
    </ClInclude>
    <ClInclude Include="..\..\External\glm\glm\gtx\io.hpp">
      <Filter>External\glm\glm\gtx</Filter>
    </ClInclude>
    <ClInclude Include="..\..\External\glm\glm\gtx\log_base.hpp">
      <Filter>External\glm\glm\gtx</Filter>
    </ClInclude>
    <ClInclude Include="..\..\External\glm\glm\gtx\matrix_cross_product.hpp">
      <Filter>External\glm\glm\gtx</Filter>
    </ClInclude>
    <ClInclude Include="..\..\External\glm\glm\gtx\matrix_decompose.hpp">
      <Filter>External\glm\glm\gtx</Filter>
    </ClInclude>
    <ClInclude Include="..\..\External\glm\glm\gtx\matrix_factorisation.hpp">
      <Filter>External\glm\glm\gtx</Filter>
    </ClInclude>
    <ClInclude Include="..\..\External\glm\glm\gtx\matrix_interpolation.hpp">
      <Filter>External\glm\glm\gtx</Filter>
    </ClInclude>
    <ClInclude Include="..\..\External\glm\glm\gtx\matrix_major_storage.hpp">
      <Filter>External\glm\glm\gtx</Filter>
    </ClInclude>
    <ClInclude Include="..\..\External\glm\glm\gtx\matrix_operation.hpp">
      <Filter>External\glm\glm\gtx</Filter>
    </ClInclude>
    <ClInclude Include="..\..\External\glm\glm\gtx\matrix_query.hpp">
      <Filter>External\glm\glm\gtx</Filter>
    </ClInclude>
    <ClInclude Include="..\..\External\glm\glm\gtx\matrix_transform_2d.hpp">
      <Filter>External\glm\glm\gtx</Filter>
    </ClInclude>
    <ClInclude Include="..\..\External\glm\glm\gtx\mixed_product.hpp">
      <Filter>External\glm\glm\gtx</Filter>
    </ClInclude>
    <ClInclude Include="..\..\External\glm\glm\gtx\norm.hpp">
      <Filter>External\glm\glm\gtx</Filter>
    </ClInclude>
    <ClInclude Include="..\..\External\glm\glm\gtx\normal.hpp">
      <Filter>External\glm\glm\gtx</Filter>
    </ClInclude>
    <ClInclude Include="..\..\External\glm\glm\gtx\normalize_dot.hpp">
      <Filter>External\glm\glm\gtx</Filter>
    </ClInclude>
    <ClInclude Include="..\..\External\glm\glm\gtx\number_precision.hpp">
      <Filter>External\glm\glm\gtx</Filter>
    </ClInclude>
    <ClInclude Include="..\..\External\glm\glm\gtx\optimum_pow.hpp">
      <Filter>External\glm\glm\gtx</Filter>
    </ClInclude>
    <ClInclude Include="..\..\External\glm\glm\gtx\orthonormalize.hpp">
      <Filter>External\glm\glm\gtx</Filter>
    </ClInclude>
    <ClInclude Include="..\..\External\glm\glm\gtx\pca.hpp">
      <Filter>External\glm\glm\gtx</Filter>
    </ClInclude>
    <ClInclude Include="..\..\External\glm\glm\gtx\perpendicular.hpp">
      <Filter>External\glm\glm\gtx</Filter>
    </ClInclude>
    <ClInclude Include="..\..\External\glm\glm\gtx\polar_coordinates.hpp">
      <Filter>External\glm\glm\gtx</Filter>
    </ClInclude>
    <ClInclude Include="..\..\External\glm\glm\gtx\projection.hpp">
      <Filter>External\glm\glm\gtx</Filter>
    </ClInclude>
    <ClInclude Include="..\..\External\glm\glm\gtx\quaternion.hpp">
      <Filter>External\glm\glm\gtx</Filter>
    </ClInclude>
    <ClInclude Include="..\..\External\glm\glm\gtx\range.hpp">
      <Filter>External\glm\glm\gtx</Filter>
    </ClInclude>
    <ClInclude Include="..\..\External\glm\glm\gtx\raw_data.hpp">
      <Filter>External\glm\glm\gtx</Filter>
    </ClInclude>
    <ClInclude Include="..\..\External\glm\glm\gtx\rotate_normalized_axis.hpp">
      <Filter>External\glm\glm\gtx</Filter>
    </ClInclude>
    <ClInclude Include="..\..\External\glm\glm\gtx\rotate_vector.hpp">
      <Filter>External\glm\glm\gtx</Filter>
    </ClInclude>
    <ClInclude Include="..\..\External\glm\glm\gtx\scalar_multiplication.hpp">
      <Filter>External\glm\glm\gtx</Filter>
    </ClInclude>
    <ClInclude Include="..\..\External\glm\glm\gtx\scalar_relational.hpp">
      <Filter>External\glm\glm\gtx</Filter>
    </ClInclude>
    <ClInclude Include="..\..\External\glm\glm\gtx\spline.hpp">
      <Filter>External\glm\glm\gtx</Filter>
    </ClInclude>
    <ClInclude Include="..\..\External\glm\glm\gtx\std_based_type.hpp">
      <Filter>External\glm\glm\gtx</Filter>
    </ClInclude>
    <ClInclude Include="..\..\External\glm\glm\gtx\string_cast.hpp">
      <Filter>External\glm\glm\gtx</Filter>
    </ClInclude>
    <ClInclude Include="..\..\External\glm\glm\gtx\texture.hpp">
      <Filter>External\glm\glm\gtx</Filter>
    </ClInclude>
    <ClInclude Include="..\..\External\glm\glm\gtx\transform.hpp">
      <Filter>External\glm\glm\gtx</Filter>
    </ClInclude>
    <ClInclude Include="..\..\External\glm\glm\gtx\transform2.hpp">
      <Filter>External\glm\glm\gtx</Filter>
    </ClInclude>
    <ClInclude Include="..\..\External\glm\glm\gtx\type_aligned.hpp">
      <Filter>External\glm\glm\gtx</Filter>
    </ClInclude>
    <ClInclude Include="..\..\External\glm\glm\gtx\type_trait.hpp">
      <Filter>External\glm\glm\gtx</Filter>
    </ClInclude>
    <ClInclude Include="..\..\External\glm\glm\gtx\vector_angle.hpp">
      <Filter>External\glm\glm\gtx</Filter>
    </ClInclude>
    <ClInclude Include="..\..\External\glm\glm\gtx\vector_query.hpp">
      <Filter>External\glm\glm\gtx</Filter>
    </ClInclude>
    <ClInclude Include="..\..\External\glm\glm\gtx\vec_swizzle.hpp">
      <Filter>External\glm\glm\gtx</Filter>
    </ClInclude>
    <ClInclude Include="..\..\External\glm\glm\gtx\wrap.hpp">
      <Filter>External\glm\glm\gtx</Filter>
    </ClInclude>
    <ClInclude Include="..\..\External\glm\glm\integer.hpp">
      <Filter>External\glm\glm</Filter>
    </ClInclude>
    <ClInclude Include="..\..\External\glm\glm\mat2x2.hpp">
      <Filter>External\glm\glm</Filter>
    </ClInclude>
    <ClInclude Include="..\..\External\glm\glm\mat2x3.hpp">
      <Filter>External\glm\glm</Filter>
    </ClInclude>
    <ClInclude Include="..\..\External\glm\glm\mat2x4.hpp">
      <Filter>External\glm\glm</Filter>
    </ClInclude>
    <ClInclude Include="..\..\External\glm\glm\mat3x2.hpp">
      <Filter>External\glm\glm</Filter>
    </ClInclude>
    <ClInclude Include="..\..\External\glm\glm\mat3x3.hpp">
      <Filter>External\glm\glm</Filter>
    </ClInclude>
    <ClInclude Include="..\..\External\glm\glm\mat3x4.hpp">
      <Filter>External\glm\glm</Filter>
    </ClInclude>
    <ClInclude Include="..\..\External\glm\glm\mat4x2.hpp">
      <Filter>External\glm\glm</Filter>
    </ClInclude>
    <ClInclude Include="..\..\External\glm\glm\mat4x3.hpp">
      <Filter>External\glm\glm</Filter>
    </ClInclude>
    <ClInclude Include="..\..\External\glm\glm\mat4x4.hpp">
      <Filter>External\glm\glm</Filter>
    </ClInclude>
    <ClInclude Include="..\..\External\glm\glm\matrix.hpp">
      <Filter>External\glm\glm</Filter>
    </ClInclude>
    <ClInclude Include="..\..\External\glm\glm\packing.hpp">
      <Filter>External\glm\glm</Filter>
    </ClInclude>
    <ClInclude Include="..\..\External\glm\glm\trigonometric.hpp">
      <Filter>External\glm\glm</Filter>
    </ClInclude>
    <ClInclude Include="..\..\External\glm\glm\vec2.hpp">
      <Filter>External\glm\glm</Filter>
    </ClInclude>
    <ClInclude Include="..\..\External\glm\glm\vec3.hpp">
      <Filter>External\glm\glm</Filter>
    </ClInclude>
    <ClInclude Include="..\..\External\glm\glm\vec4.hpp">
      <Filter>External\glm\glm</Filter>
    </ClInclude>
    <ClInclude Include="..\..\External\glm\glm\vector_relational.hpp">
      <Filter>External\glm\glm</Filter>
    </ClInclude>
  </ItemGroup>
</Project>
